
Microsoft Visual Studio Solution File, Format Version 12.00
# Visual Studio Version 17
VisualStudioVersion = 17.8.34408.163
MinimumVisualStudioVersion = 10.0.40219.1
Project("{9A19103F-16F7-4668-BE54-9A1E7A4F7556}") = "UnitTestingInDotnet", "UnitTestingInDotnet.csproj", "{560DFF20-D783-425C-9D1C-D0691C70A5E3}"
EndProject
Project("{FAE04EC0-301F-11D3-BF4B-00C04F79EFBC}") = "UnitTests", "..\UnitTests\UnitTests.csproj", "{E640B709-81CD-4457-8B9A-0C29D7C955D2}"
EndProject
Global
	GlobalSection(SolutionConfigurationPlatforms) = preSolution
		Debug|Any CPU = Debug|Any CPU
		Release|Any CPU = Release|Any CPU
	EndGlobalSection
	GlobalSection(ProjectConfigurationPlatforms) = postSolution
		{560DFF20-D783-425C-9D1C-D0691C70A5E3}.Debug|Any CPU.ActiveCfg = Debug|Any CPU
		{560DFF20-D783-425C-9D1C-D0691C70A5E3}.Debug|Any CPU.Build.0 = Debug|Any CPU
		{560DFF20-D783-425C-9D1C-D0691C70A5E3}.Release|Any CPU.ActiveCfg = Release|Any CPU
		{560DFF20-D783-425C-9D1C-D0691C70A5E3}.Release|Any CPU.Build.0 = Release|Any CPU
		{E640B709-81CD-4457-8B9A-0C29D7C955D2}.Debug|Any CPU.ActiveCfg = Debug|Any CPU
		{E640B709-81CD-4457-8B9A-0C29D7C955D2}.Debug|Any CPU.Build.0 = Debug|Any CPU
		{E640B709-81CD-4457-8B9A-0C29D7C955D2}.Release|Any CPU.ActiveCfg = Release|Any CPU
		{E640B709-81CD-4457-8B9A-0C29D7C955D2}.Release|Any CPU.Build.0 = Release|Any CPU
	EndGlobalSection
	GlobalSection(SolutionProperties) = preSolution
		HideSolutionNode = FALSE
	EndGlobalSection
	GlobalSection(ExtensibilityGlobals) = postSolution
		SolutionGuid = {87461A5C-518D-4993-AF53-9CD42459D1DA}
	EndGlobalSection
EndGlobal
